
Microsoft Visual Studio Solution File, Format Version 12.00
# Visual Studio 2012
Project("{FAE04EC0-301F-11D3-BF4B-00C04F79EFBC}") = "CronDaemon", "src\CronDaemon\CronDaemon.csproj", "{A5B501C1-819C-4F00-ABBC-FDAA9F29ADCE}"
EndProject
Project("{2150E333-8FDC-42A3-9474-1A3956D46DE8}") = ".nuget", ".nuget", "{FEA46A9D-6836-4190-96BA-B4A0ED09E84F}"
	ProjectSection(SolutionItems) = preProject
		.nuget\NuGet.Config = .nuget\NuGet.Config
		.nuget\NuGet.exe = .nuget\NuGet.exe
		.nuget\NuGet.targets = .nuget\NuGet.targets
	EndProjectSection
EndProject
Global
	GlobalSection(SolutionConfigurationPlatforms) = preSolution
		Debug|Any CPU = Debug|Any CPU
		Release|Any CPU = Release|Any CPU
	EndGlobalSection
	GlobalSection(ProjectConfigurationPlatforms) = postSolution
		{A5B501C1-819C-4F00-ABBC-FDAA9F29ADCE}.Debug|Any CPU.ActiveCfg = Debug|Any CPU
		{A5B501C1-819C-4F00-ABBC-FDAA9F29ADCE}.Debug|Any CPU.Build.0 = Debug|Any CPU
		{A5B501C1-819C-4F00-ABBC-FDAA9F29ADCE}.Release|Any CPU.ActiveCfg = Release|Any CPU
		{A5B501C1-819C-4F00-ABBC-FDAA9F29ADCE}.Release|Any CPU.Build.0 = Release|Any CPU
	EndGlobalSection
	GlobalSection(SolutionProperties) = preSolution
		HideSolutionNode = FALSE
	EndGlobalSection
EndGlobal
